# THIS IS AN AUTOGENERATED FILE. DO NOT EDIT THIS FILE DIRECTLY.
# yarn lockfile v1


"@babel/runtime@^7.16.3":
  version "7.17.2"
  resolved "https://registry.yarnpkg.com/@babel/runtime/-/runtime-7.17.2.tgz#66f68591605e59da47523c631416b18508779941"
  integrity sha512-hzeyJyMA1YGdJTuWU0e/j4wKXrU4OMFvY2MSlaI9B7VQb0r5cxTE3EAIS2Q7Tn2RIcDkRvTA/v2JsAEhxe99uw==
  dependencies:
    regenerator-runtime "^0.13.4"

"@next/env@12.0.11-canary.13":
  version "12.0.11-canary.13"
  resolved "https://registry.yarnpkg.com/@next/env/-/env-12.0.11-canary.13.tgz#3d7044825ad698e40753683200aa083033a69bad"
  integrity sha512-kxEi2WIjQZgZBXgbKg9E2vfrVjlIxWmL9FjkBksKZ8lFfB+w/CQ8wTzc2KG2i+fVf5lcdt/jV10GVnx7HTagyg==

"@next/swc-android-arm64@12.0.11-canary.13":
  version "12.0.11-canary.13"
  resolved "https://registry.yarnpkg.com/@next/swc-android-arm64/-/swc-android-arm64-12.0.11-canary.13.tgz#634d59331d694f52b60dc6df3ed7170c2c204781"
  integrity sha512-ug/c5Epw52MDrXRhRI4RkBNyauNXVzMJ8CxzyfOIRc8D8ItOCTJwa6jZO3voJSVY4kda4G/NMRfdZyKhIexxkQ==

"@next/swc-darwin-arm64@12.0.11-canary.13":
  version "12.0.11-canary.13"
  resolved "https://registry.yarnpkg.com/@next/swc-darwin-arm64/-/swc-darwin-arm64-12.0.11-canary.13.tgz#95bcd4f94dc78c47a5c9194328bd05112f8e37ed"
  integrity sha512-mofkizf4w2YcjFL5RVZmatAfTTHFvxikzoSY+vegRpCpu3uHNXMj3FF+/chDZWqg5jMrbJdZ3GDDXHDXK6D3ew==

"@next/swc-darwin-x64@12.0.11-canary.13":
  version "12.0.11-canary.13"
  resolved "https://registry.yarnpkg.com/@next/swc-darwin-x64/-/swc-darwin-x64-12.0.11-canary.13.tgz#171eb99e62c1e493a49ce0d477e8e51277efe1c7"
  integrity sha512-OBL6CuVDKCZkygivbL3WGPYdUtbHNKo7fjFmayTpof4EGM92QUd4K0+FIL3SoLZnB7ZLvf5v/PNNs6Fu2U8n0A==

"@next/swc-linux-arm-gnueabihf@12.0.11-canary.13":
  version "12.0.11-canary.13"
  resolved "https://registry.yarnpkg.com/@next/swc-linux-arm-gnueabihf/-/swc-linux-arm-gnueabihf-12.0.11-canary.13.tgz#7d486223dc24f3b49f9ad46314626f8c4b7b660b"
  integrity sha512-wU88A4ALxjCzOfMx90Ca07XWEKPXuWmY8hNJeeKeJHUzmWVlSVZW9kt9zCLyCPUlitHbzKDKFE+dfp5wTq5bDg==

"@next/swc-linux-arm64-gnu@12.0.11-canary.13":
  version "12.0.11-canary.13"
  resolved "https://registry.yarnpkg.com/@next/swc-linux-arm64-gnu/-/swc-linux-arm64-gnu-12.0.11-canary.13.tgz#e7ddcf4f366ead186cbc3b9053173545e745b706"
  integrity sha512-oWH+1GFfbwNQ7G8K1VPrfED0CDlRaixTKrlY/AnEJ7U9iGojHDV33CSc7+wcsHmRTF3EVvkh+0xzf/hfzo/6gQ==

"@next/swc-linux-arm64-musl@12.0.11-canary.13":
  version "12.0.11-canary.13"
  resolved "https://registry.yarnpkg.com/@next/swc-linux-arm64-musl/-/swc-linux-arm64-musl-12.0.11-canary.13.tgz#e1a8c4b1dd169d4efba4120d674d28c7d9eee197"
  integrity sha512-w2gE9RICODEsqb/acsWqaDUDyt8Qh+8maDeNLjVJyKkIXFZXocZz0J3BIFOWCsqiDEBXx6L1Q8TpYwD5h9LBxw==

"@next/swc-linux-x64-gnu@12.0.11-canary.13":
  version "12.0.11-canary.13"
  resolved "https://registry.yarnpkg.com/@next/swc-linux-x64-gnu/-/swc-linux-x64-gnu-12.0.11-canary.13.tgz#8fa8a2cef575c56153b40bfaa7e1f9df2cf2c32b"
  integrity sha512-JA1pBa2Rf3ACSTCd9DsE9cYrmuCKaXeP/MMeoBObAJ019NBYz6JYsp6u1oxxDbjQRw9zeGLGj4PZiMWrxqmC7g==

"@next/swc-linux-x64-musl@12.0.11-canary.13":
  version "12.0.11-canary.13"
  resolved "https://registry.yarnpkg.com/@next/swc-linux-x64-musl/-/swc-linux-x64-musl-12.0.11-canary.13.tgz#7b534ec81f3c73179ee2b9e052106e48adee97a8"
  integrity sha512-juCf5/sABkCA8YFviLHdkFc8JDv3x7LYxgdqLExZ9cK8mY5s5dxKAIeTyv7Yf+BC0qQ66mvqkbULnL05gGdjYQ==

"@next/swc-win32-arm64-msvc@12.0.11-canary.13":
  version "12.0.11-canary.13"
  resolved "https://registry.yarnpkg.com/@next/swc-win32-arm64-msvc/-/swc-win32-arm64-msvc-12.0.11-canary.13.tgz#126b821eecb47e37fbfc7f0adf75774bb982cfca"
  integrity sha512-vAqbHhBafohGuTWVOIRVMEydKOp1Ml9PJpzNMkCcnd260JxYlLJ19PVpytqyGg8t0XxzNr5PFNBBK5c2KaEcOg==

"@next/swc-win32-ia32-msvc@12.0.11-canary.13":
  version "12.0.11-canary.13"
  resolved "https://registry.yarnpkg.com/@next/swc-win32-ia32-msvc/-/swc-win32-ia32-msvc-12.0.11-canary.13.tgz#f20f1bb08d419c78addf69c8f0e7e2e07e32d97a"
  integrity sha512-I33ZUqvgcMmdnl+2fyrD9OWtCzMC5JaMsOuasVKvBQxyiqFuBDGGul9jQ9EcRuJbdaloU7HNtn2Fz9RrYS4w1w==

"@next/swc-win32-x64-msvc@12.0.11-canary.13":
  version "12.0.11-canary.13"
  resolved "https://registry.yarnpkg.com/@next/swc-win32-x64-msvc/-/swc-win32-x64-msvc-12.0.11-canary.13.tgz#efa927607c66b3fc66a4acaef1f3d2ce86ffe417"
  integrity sha512-oY2YMZFGsAJLKkaCDHye/6tK+e8iY/sLPixTgz9xVtJEgcKftBhJL4UEtV99hXSqF2XCenZOIyNNN1v++3I6CQ==

"@panva/hkdf@^1.0.1":
  version "1.0.1"
  resolved "https://registry.yarnpkg.com/@panva/hkdf/-/hkdf-1.0.1.tgz#ed0da773bd5f794d0603f5a5b5cee6d2354e5660"
  integrity sha512-mMyQ9vjpuFqePkfe5bZVIf/H3Dmk6wA8Kjxff9RcO4kqzJo+Ek9pGKwZHpeMr7Eku0QhLXMCd7fNCSnEnRMubg==

"@types/node@^17.0.14":
  version "17.0.17"
  resolved "https://registry.yarnpkg.com/@types/node/-/node-17.0.17.tgz#a8ddf6e0c2341718d74ee3dc413a13a042c45a0c"
  integrity sha512-e8PUNQy1HgJGV3iU/Bp2+D/DXh3PYeyli8LgIwsQcs1Ar1LoaWHSIT6Rw+H2rNJmiq6SNWiDytfx8+gYj7wDHw==

"@types/prop-types@*":
  version "15.7.4"
  resolved "https://registry.yarnpkg.com/@types/prop-types/-/prop-types-15.7.4.tgz#fcf7205c25dff795ee79af1e30da2c9790808f11"
  integrity sha512-rZ5drC/jWjrArrS8BR6SIr4cWpW09RNTYt9AMZo3Jwwif+iacXAqgVjm0B0Bv/S1jhDXKHqRVNCbACkJ89RAnQ==

"@types/react@^17.0.39":
  version "17.0.39"
  resolved "https://registry.yarnpkg.com/@types/react/-/react-17.0.39.tgz#d0f4cde092502a6db00a1cded6e6bf2abb7633ce"
  integrity sha512-UVavlfAxDd/AgAacMa60Azl7ygyQNRwC/DsHZmKgNvPmRR5p70AJ5Q9EAmL2NWOJmeV+vVUI4IAP7GZrN8h8Ug==
  dependencies:
    "@types/prop-types" "*"
    "@types/scheduler" "*"
    csstype "^3.0.2"

"@types/scheduler@*":
  version "0.16.2"
  resolved "https://registry.yarnpkg.com/@types/scheduler/-/scheduler-0.16.2.tgz#1a62f89525723dde24ba1b01b092bf5df8ad4d39"
  integrity sha512-hppQEBDmlwhFAXKJX2KnWLYu5yMfi91yazPb2l+lbJiwW+wdo1gNeRA+3RgNSO39WYX2euey41KEwnqesU2Jew==

caniuse-lite@^1.0.30001283:
  version "1.0.30001311"
  resolved "https://registry.yarnpkg.com/caniuse-lite/-/caniuse-lite-1.0.30001311.tgz#682ef3f4e617f1a177ad943de59775ed3032e511"
  integrity sha512-mleTFtFKfykEeW34EyfhGIFjGCqzhh38Y0LhdQ9aWF+HorZTtdgKV/1hEE0NlFkG2ubvisPV6l400tlbPys98A==

cookie@^0.4.1:
  version "0.4.2"
  resolved "https://registry.yarnpkg.com/cookie/-/cookie-0.4.2.tgz#0e41f24de5ecf317947c82fc789e06a884824432"
  integrity sha512-aSWTXFzaKWkvHO1Ny/s+ePFpvKsPnjc551iI41v3ny/ow6tBG5Vd+FuqGNhh1LxOmVzOlGUriIlOaokOvhaStA==

csstype@^3.0.2:
  version "3.0.10"
  resolved "https://registry.yarnpkg.com/csstype/-/csstype-3.0.10.tgz#2ad3a7bed70f35b965707c092e5f30b327c290e5"
  integrity sha512-2u44ZG2OcNUO9HDp/Jl8C07x6pU/eTR3ncV91SiK3dhG9TWvRVsCoJw14Ckx5DgWkzGA3waZWO3d7pgqpUI/XA==

jose@^4.1.4, jose@^4.3.7:
  version "4.5.0"
  resolved "https://registry.yarnpkg.com/jose/-/jose-4.5.0.tgz#92829d8cf846351eb55aaaf94f252fb1d191f2d5"
  integrity sha512-GFcVFQwYQKbQTUOo2JlpFGXTkgBw26uzDsRMD2q1WgSKNSnpKS9Ug7bdQ8dS+p4sZHNH6iRPu6WK2jLIjspaMA==

"js-tokens@^3.0.0 || ^4.0.0":
  version "4.0.0"
  resolved "https://registry.yarnpkg.com/js-tokens/-/js-tokens-4.0.0.tgz#19203fb59991df98e3a287050d4647cdeaf32499"
  integrity sha512-RdJUflcE3cUzKiMqQgsCu06FPu9UdIJO0beYbPhHN4k6apgJtifcoCtT9bcxOpYBtpD2kCM6Sbzg4CausW/PKQ==

loose-envify@^1.1.0:
  version "1.4.0"
  resolved "https://registry.yarnpkg.com/loose-envify/-/loose-envify-1.4.0.tgz#71ee51fa7be4caec1a63839f7e682d8132d30caf"
  integrity sha512-lyuxPGr/Wfhrlem2CL/UcnUc1zcqKAImBDzukY7Y5F/yQiNdko6+fRLevlw1HgMySw7f611UIY408EtxRSoK3Q==
  dependencies:
    js-tokens "^3.0.0 || ^4.0.0"

lru-cache@^6.0.0:
  version "6.0.0"
  resolved "https://registry.yarnpkg.com/lru-cache/-/lru-cache-6.0.0.tgz#6d6fe6570ebd96aaf90fcad1dafa3b2566db3a94"
  integrity sha512-Jo6dJ04CmSjuznwJSS3pUeWmd/H0ffTlkXXgwZi+eq1UCmqQwCh+eLsYOYCwY991i2Fah4h1BEMCx4qThGbsiA==
  dependencies:
    yallist "^4.0.0"

nanoid@^3.1.30:
  version "3.2.0"
  resolved "https://registry.yarnpkg.com/nanoid/-/nanoid-3.2.0.tgz#62667522da6673971cca916a6d3eff3f415ff80c"
  integrity sha512-fmsZYa9lpn69Ad5eDn7FMcnnSR+8R34W9qJEijxYhTbfOWzr22n1QxCMzXLK+ODyW2973V3Fux959iQoUxzUIA==

next-auth@latest:
  version "4.2.1"
  resolved "https://registry.yarnpkg.com/next-auth/-/next-auth-4.2.1.tgz#042e4858d9f67b4f702d3a55bae0d2f04db3cac3"
  integrity sha512-XDtt7nqevkNf4EJ2zKAKkI+MFsURf11kx11vPwxrBYA1MHeqWwaWbGOUOI2ekNTvfAg4nTEJJUH3LV2cLrH3Tg==
  dependencies:
    "@babel/runtime" "^7.16.3"
    "@panva/hkdf" "^1.0.1"
    cookie "^0.4.1"
    jose "^4.3.7"
    oauth "^0.9.15"
    openid-client "^5.1.0"
    preact "^10.6.3"
    preact-render-to-string "^5.1.19"
    uuid "^8.3.2"

next@^12.0.11-canary.4:
  version "12.0.11-canary.13"
  resolved "https://registry.yarnpkg.com/next/-/next-12.0.11-canary.13.tgz#270bc5d4a2abe06f7e256e299b93f7b29e7a73be"
  integrity sha512-O7Hx2sX2F2c+ggAFbAhahNCTGA6e2NPyocySPqNgOxFVgfcXz+tmIHeiFSbMFmPI98ciDa5Hty/yQpRjWODx5w==
  dependencies:
    "@next/env" "12.0.11-canary.13"
    caniuse-lite "^1.0.30001283"
    postcss "8.4.5"
    styled-jsx "5.0.0"
    use-subscription "1.5.1"
  optionalDependencies:
    "@next/swc-android-arm64" "12.0.11-canary.13"
    "@next/swc-darwin-arm64" "12.0.11-canary.13"
    "@next/swc-darwin-x64" "12.0.11-canary.13"
    "@next/swc-linux-arm-gnueabihf" "12.0.11-canary.13"
    "@next/swc-linux-arm64-gnu" "12.0.11-canary.13"
    "@next/swc-linux-arm64-musl" "12.0.11-canary.13"
    "@next/swc-linux-x64-gnu" "12.0.11-canary.13"
    "@next/swc-linux-x64-musl" "12.0.11-canary.13"
    "@next/swc-win32-arm64-msvc" "12.0.11-canary.13"
    "@next/swc-win32-ia32-msvc" "12.0.11-canary.13"
    "@next/swc-win32-x64-msvc" "12.0.11-canary.13"

nodemailer@^6.6.3:
  version "6.7.2"
  resolved "https://registry.yarnpkg.com/nodemailer/-/nodemailer-6.7.2.tgz#44b2ad5f7ed71b7067f7a21c4fedabaec62b85e0"
  integrity sha512-Dz7zVwlef4k5R71fdmxwR8Q39fiboGbu3xgswkzGwczUfjp873rVxt1O46+Fh0j1ORnAC6L9+heI8uUpO6DT7Q==

oauth@^0.9.15:
  version "0.9.15"
  resolved "https://registry.yarnpkg.com/oauth/-/oauth-0.9.15.tgz#bd1fefaf686c96b75475aed5196412ff60cfb9c1"
  integrity sha1-vR/vr2hslrdUda7VGWQS/2DPucE=

object-assign@^4.1.1:
  version "4.1.1"
  resolved "https://registry.yarnpkg.com/object-assign/-/object-assign-4.1.1.tgz#2109adc7965887cfc05cbbd442cac8bfbb360863"
  integrity sha1-IQmtx5ZYh8/AXLvUQsrIv7s2CGM=

object-hash@^2.0.1:
  version "2.2.0"
  resolved "https://registry.yarnpkg.com/object-hash/-/object-hash-2.2.0.tgz#5ad518581eefc443bd763472b8ff2e9c2c0d54a5"
  integrity sha512-gScRMn0bS5fH+IuwyIFgnh9zBdo4DV+6GhygmWM9HyNJSgS0hScp1f5vjtm7oIIOiT9trXrShAkLFSc2IqKNgw==

oidc-token-hash@^5.0.1:
  version "5.0.1"
  resolved "https://registry.yarnpkg.com/oidc-token-hash/-/oidc-token-hash-5.0.1.tgz#ae6beec3ec20f0fd885e5400d175191d6e2f10c6"
  integrity sha512-EvoOtz6FIEBzE+9q253HsLCVRiK/0doEJ2HCvvqMQb3dHZrP3WlJKYtJ55CRTw4jmYomzH4wkPuCj/I3ZvpKxQ==

openid-client@^5.1.0:
  version "5.1.3"
  resolved "https://registry.yarnpkg.com/openid-client/-/openid-client-5.1.3.tgz#25ef0e48929f33462028001fd4077a7ae5b3ad4d"
  integrity sha512-i5quCXurPkN50ndRLE2D3Q6khz6AieJ0gTKOmsl3G4ZIP/Udf5Qw5CMRdhMvbFvfKRrkcCWPFXmduFUFYTC0xw==
  dependencies:
    jose "^4.1.4"
    lru-cache "^6.0.0"
    object-hash "^2.0.1"
    oidc-token-hash "^5.0.1"

picocolors@^1.0.0:
  version "1.0.0"
  resolved "https://registry.yarnpkg.com/picocolors/-/picocolors-1.0.0.tgz#cb5bdc74ff3f51892236eaf79d68bc44564ab81c"
  integrity sha512-1fygroTLlHu66zi26VoTDv8yRgm0Fccecssto+MhsZ0D/DGW2sm8E8AjW7NU5VVTRt5GxbeZ5qBuJr+HyLYkjQ==

postcss@8.4.5:
  version "8.4.5"
  resolved "https://registry.yarnpkg.com/postcss/-/postcss-8.4.5.tgz#bae665764dfd4c6fcc24dc0fdf7e7aa00cc77f95"
  integrity sha512-jBDboWM8qpaqwkMwItqTQTiFikhs/67OYVvblFFTM7MrZjt6yMKd6r2kgXizEbTTljacm4NldIlZnhbjr84QYg==
  dependencies:
    nanoid "^3.1.30"
    picocolors "^1.0.0"
    source-map-js "^1.0.1"

preact-render-to-string@^5.1.19:
  version "5.1.19"
  resolved "https://registry.yarnpkg.com/preact-render-to-string/-/preact-render-to-string-5.1.19.tgz#ffae7c3bd1680be5ecf5991d41fe3023b3051e0e"
  integrity sha512-bj8sn/oytIKO6RtOGSS/1+5CrQyRSC99eLUnEVbqUa6MzJX5dYh7wu9bmT0d6lm/Vea21k9KhCQwvr2sYN3rrQ==
  dependencies:
    pretty-format "^3.8.0"

preact@^10.6.3:
  version "10.6.5"
  resolved "https://registry.yarnpkg.com/preact/-/preact-10.6.5.tgz#726d8bd12903a0d51cdd17e2e1b90cc539403e0c"
  integrity sha512-i+LXM6JiVjQXSt2jG2vZZFapGpCuk1fl8o6ii3G84MA3xgj686FKjs4JFDkmUVhtxyq21+4ay74zqPykz9hU6w==

pretty-format@^3.8.0:
  version "3.8.0"
  resolved "https://registry.yarnpkg.com/pretty-format/-/pretty-format-3.8.0.tgz#bfbed56d5e9a776645f4b1ff7aa1a3ac4fa3c385"
  integrity sha1-v77VbV6ad2ZF9LH/eqGjrE+jw4U=

react-dom@^17.0.2:
  version "17.0.2"
  resolved "https://registry.yarnpkg.com/react-dom/-/react-dom-17.0.2.tgz#ecffb6845e3ad8dbfcdc498f0d0a939736502c23"
  integrity sha512-s4h96KtLDUQlsENhMn1ar8t2bEa+q/YAtj8pPPdIjPDGBDIVNsrD9aXNWqspUe6AzKCIG0C1HZZLqLV7qpOBGA==
  dependencies:
    loose-envify "^1.1.0"
    object-assign "^4.1.1"
    scheduler "^0.20.2"

react@^17.0.2:
  version "17.0.2"
  resolved "https://registry.yarnpkg.com/react/-/react-17.0.2.tgz#d0b5cc516d29eb3eee383f75b62864cfb6800037"
  integrity sha512-gnhPt75i/dq/z3/6q/0asP78D0u592D5L1pd7M8P+dck6Fu/jJeL6iVVK23fptSUZj8Vjf++7wXA8UNclGQcbA==
  dependencies:
    loose-envify "^1.1.0"
    object-assign "^4.1.1"

regenerator-runtime@^0.13.4:
  version "0.13.9"
  resolved "https://registry.yarnpkg.com/regenerator-runtime/-/regenerator-runtime-0.13.9.tgz#8925742a98ffd90814988d7566ad30ca3b263b52"
  integrity sha512-p3VT+cOEgxFsRRA9X4lkI1E+k2/CtnKtU4gcxyaCUreilL/vqI6CdZ3wxVUx3UOUg+gnUOQQcRI7BmSI656MYA==

scheduler@^0.20.2:
  version "0.20.2"
  resolved "https://registry.yarnpkg.com/scheduler/-/scheduler-0.20.2.tgz#4baee39436e34aa93b4874bddcbf0fe8b8b50e91"
  integrity sha512-2eWfGgAqqWFGqtdMmcL5zCMK1U8KlXv8SQFGglL3CEtd0aDVDWgeF/YoCmvln55m5zSk3J/20hTaSBeSObsQDQ==
  dependencies:
    loose-envify "^1.1.0"
    object-assign "^4.1.1"

source-map-js@^1.0.1:
  version "1.0.2"
  resolved "https://registry.yarnpkg.com/source-map-js/-/source-map-js-1.0.2.tgz#adbc361d9c62df380125e7f161f71c826f1e490c"
  integrity sha512-R0XvVJ9WusLiqTCEiGCmICCMplcCkIwwR11mOSD9CR5u+IXYdiseeEuXCVAjS54zqwkLcPNnmU4OeJ6tUrWhDw==

styled-jsx@5.0.0:
  version "5.0.0"
  resolved "https://registry.yarnpkg.com/styled-jsx/-/styled-jsx-5.0.0.tgz#816b4b92e07b1786c6b7111821750e0ba4d26e77"
  integrity sha512-qUqsWoBquEdERe10EW8vLp3jT25s/ssG1/qX5gZ4wu15OZpmSMFI2v+fWlRhLfykA5rFtlJ1ME8A8pm/peV4WA==

typescript@^4.5.5:
  version "4.5.5"
  resolved "https://registry.yarnpkg.com/typescript/-/typescript-4.5.5.tgz#d8c953832d28924a9e3d37c73d729c846c5896f3"
  integrity sha512-TCTIul70LyWe6IJWT8QSYeA54WQe8EjQFU4wY52Fasj5UKx88LNYKCgBEHcOMOrFF1rKGbD8v/xcNWVUq9SymA==

use-subscription@1.5.1:
  version "1.5.1"
  resolved "https://registry.yarnpkg.com/use-subscription/-/use-subscription-1.5.1.tgz#73501107f02fad84c6dd57965beb0b75c68c42d1"
  integrity sha512-Xv2a1P/yReAjAbhylMfFplFKj9GssgTwN7RlcTxBujFQcloStWNDQdc4g4NRWH9xS4i/FDk04vQBptAXoF3VcA==
  dependencies:
    object-assign "^4.1.1"

uuid@^8.3.2:
  version "8.3.2"
  resolved "https://registry.yarnpkg.com/uuid/-/uuid-8.3.2.tgz#80d5b5ced271bb9af6c445f21a1a04c606cefbe2"
  integrity sha512-+NYs2QeMWy+GWFOEm9xnn6HCDp0l7QBD7ml8zLUmJ+93Q5NF0NocErnwkTkXVFNiX3/fpC6afS8Dhb/gz7R7eg==

yallist@^4.0.0:
  version "4.0.0"
  resolved "https://registry.yarnpkg.com/yallist/-/yallist-4.0.0.tgz#9bb92790d9c0effec63be73519e11a35019a3a72"
  integrity sha512-3wdGidZyq5PB084XLES5TpOSRA3wjXAlIWMhum2kRcv/41Sn2emQ0dycQW4uZXLejwKvg6EsvbdlVL+FYEct7A==
